{
  "lockfileVersion": 1,
  "configVersion": 0,
  "workspaces": {
    "": {
      "name": "reji-cleaner",
      "dependencies": {
        "@opentelemetry/api": "^1.9.1",
        "@opentelemetry/api-logs": "^0.219.0",
        "@opentelemetry/exporter-logs-otlp-grpc": "^0.219.0",
        "@opentelemetry/exporter-metrics-otlp-grpc": "^0.219.0",
        "@opentelemetry/exporter-trace-otlp-grpc": "^0.219.0",
        "@opentelemetry/resources": "^2.7.1",
        "@opentelemetry/sdk-logs": "^0.219.0",
        "@opentelemetry/sdk-metrics": "^2.7.1",
        "@opentelemetry/sdk-trace-node": "^2.7.1",
        "@opentelemetry/semantic-conventions": "^1.41.1",
        "@typescript/native-preview": "^7.0.0-dev.20250822.1",
      },
      "devDependencies": {
        "@biomejs/biome": "2.5.0",
        "@types/bun": "latest",
      },
      "peerDependencies": {
        "typescript": "^5.0.0 || ^6.0.0",
      },
    },
  },
  "packages": {
    "@biomejs/biome": ["@biomejs/biome@2.5.0", "", { "optionalDependencies": { "@biomejs/cli-darwin-arm64": "2.5.0", "@biomejs/cli-darwin-x64": "2.5.0", "@biomejs/cli-linux-arm64": "2.5.0", "@biomejs/cli-linux-arm64-musl": "2.5.0", "@biomejs/cli-linux-x64": "2.5.0", "@biomejs/cli-linux-x64-musl": "2.5.0", "@biomejs/cli-win32-arm64": "2.5.0", "@biomejs/cli-win32-x64": "2.5.0" }, "bin": { "biome": "bin/biome" } }, "sha512-4kURkd9hAPrdDM3C9n82ycYgx8hvQcW6MjKTEejruj8rK0N8P3OPpdy8BvI8kt3KWY4ycF5XtDOrktetEfhfuw=="],

    "@biomejs/cli-darwin-arm64": ["@biomejs/cli-darwin-arm64@2.5.0", "", { "os": "darwin", "cpu": "arm64" }, "sha512-Mn3Fwi3SA5fgmfCPqmzpWF2DLZnms3BVAhM088nTnGrTZmHS3wwIjcoZPqpXeNgd3DrrLH6xp8vTLIBuJoZiXw=="],

    "@biomejs/cli-darwin-x64": ["@biomejs/cli-darwin-x64@2.5.0", "", { "os": "darwin", "cpu": "x64" }, "sha512-rg3VPL5P8mYro6pqlXYXuJWph21slVp3SZtAqWSrkZs40d2gTzYmHF8E/X1iTID25btmNKltNDJ926sqVBp7DQ=="],

    "@biomejs/cli-linux-arm64": ["@biomejs/cli-linux-arm64@2.5.0", "", { "os": "linux", "cpu": "arm64" }, "sha512-tl+LW8fdD96/xdeWtWwc82LIOc5CoY7N2AsogLTp5R4ECErYt+8Jl/N68ezN9vzSiqPTxw6vjcihoLPYKZHrlw=="],

    "@biomejs/cli-linux-arm64-musl": ["@biomejs/cli-linux-arm64-musl@2.5.0", "", { "os": "linux", "cpu": "arm64" }, "sha512-vQdM4oSGaf7ZNeGO9w5+Y8SBtyser9M6znxYbm7Ec8wInxJu1WiKxFYZW5Auj2d80bcVvefuGGRxoFOE0eee8g=="],

    "@biomejs/cli-linux-x64": ["@biomejs/cli-linux-x64@2.5.0", "", { "os": "linux", "cpu": "x64" }, "sha512-zpEGf4RQbFEh8Vt7OmavLyyOzRbtcE9osCqrS1kfvt8jDvxwhKXLSf7n0ebr/ov0RJ9ssP+lhs6C8a9WwFvrQA=="],

    "@biomejs/cli-linux-x64-musl": ["@biomejs/cli-linux-x64-musl@2.5.0", "", { "os": "linux", "cpu": "x64" }, "sha512-+9hIcMngJ+yGUahXqZuZ8CoWKJE9SAZsFsM3QDvXpNsLbXZ9lqVzgBhOk/jTSYkOA0GLP9eu3teukqpLUojHMg=="],

    "@biomejs/cli-win32-arm64": ["@biomejs/cli-win32-arm64@2.5.0", "", { "os": "win32", "cpu": "arm64" }, "sha512-jB0wAvTLI4itx5VidqVUejPQFhRUxiZ9l9FvZ26D5fl6t3qme+ZB4PD3bTSeL1vZ8NI2Rx/zj6H9zcESuGHKGw=="],

    "@biomejs/cli-win32-x64": ["@biomejs/cli-win32-x64@2.5.0", "", { "os": "win32", "cpu": "x64" }, "sha512-VT/lF+GId+67j8aDfLkxdxNoVApsPSTbyAtB3jJq0IWTrY77WXfbPfpngxq0bA6JCEv/7k8C9qWjDRKRznDlyw=="],

    "@grpc/grpc-js": ["@grpc/grpc-js@1.14.4", "", { "dependencies": { "@grpc/proto-loader": "^0.8.0", "@js-sdsl/ordered-map": "^4.4.2" } }, "sha512-k9Dj3DV/itK9D06Y8f190Qgop7/Ui+D0njFV3LHMPwPT75DpXLQohE9Wmz0QElrJnzsjB7KPWiKJbOl7IPDArQ=="],

    "@grpc/proto-loader": ["@grpc/proto-loader@0.8.1", "", { "dependencies": { "lodash.camelcase": "^4.3.0", "long": "^5.0.0", "protobufjs": "^7.5.5", "yargs": "^17.7.2" }, "bin": { "proto-loader-gen-types": "build/bin/proto-loader-gen-types.js" } }, "sha512-wtF6h+DY6M3YaDBPAmvuuA6jV8Sif9MjtOI5euKFWRgCDl5PeDpPsHR9u2l6St5ceY8AZgoNDww5+HvEsXFsGg=="],

    "@js-sdsl/ordered-map": ["@js-sdsl/ordered-map@4.4.2", "", {}, "sha512-iUKgm52T8HOE/makSxjqoWhe95ZJA1/G1sYsGev2JDKUSS14KAgg1LHb+Ba+IPow0xflbnSkOsZcO08C7w1gYw=="],

    "@opentelemetry/api": ["@opentelemetry/api@1.9.1", "", {}, "sha512-gLyJlPHPZYdAk1JENA9LeHejZe1Ti77/pTeFm/nMXmQH/HFZlcS/O2XJB+L8fkbrNSqhdtlvjBVjxwUYanNH5Q=="],

    "@opentelemetry/api-logs": ["@opentelemetry/api-logs@0.219.0", "", { "dependencies": { "@opentelemetry/api": "^1.3.0" } }, "sha512-FFx7YnaYJlIjqWW/AG/yAZ0L/NEY724PipXXXQLdtZPbLwBGbUMTGL1i/esI56TWfTUXxhLfpgrnWJCG8aUJyg=="],

    "@opentelemetry/context-async-hooks": ["@opentelemetry/context-async-hooks@2.7.1", "", { "peerDependencies": { "@opentelemetry/api": ">=1.0.0 <1.10.0" } }, "sha512-OPFBYuXEn1E4ja3Y6eeA7O+ZnLBNcXTV5Cgsn1VaqBZ6hC5FnpZPLBNme1LJY8ZtF4aOujPKFoeWN4ik487KuQ=="],

    "@opentelemetry/core": ["@opentelemetry/core@2.8.0", "", { "dependencies": { "@opentelemetry/semantic-conventions": "^1.29.0" }, "peerDependencies": { "@opentelemetry/api": ">=1.0.0 <1.10.0" } }, "sha512-hd1Lfh8p545nNz+jq1Ejfz+Mn1hyLuxYn1YzTfFNrxr8urEWMNQLPf1Th8kjOH+HxwawCrtgBp8JpBUR4ZSgww=="],

    "@opentelemetry/exporter-logs-otlp-grpc": ["@opentelemetry/exporter-logs-otlp-grpc@0.219.0", "", { "dependencies": { "@grpc/grpc-js": "^1.14.3", "@opentelemetry/core": "2.8.0", "@opentelemetry/otlp-exporter-base": "0.219.0", "@opentelemetry/otlp-grpc-exporter-base": "0.219.0", "@opentelemetry/otlp-transformer": "0.219.0", "@opentelemetry/sdk-logs": "0.219.0" }, "peerDependencies": { "@opentelemetry/api": "^1.3.0" } }, "sha512-7SvzDCIclHWAcCwZ1MTOLcwn4BVNPGI3QxS/DJraPNe1TTL+4TvUBq5zeQV8tsnYvtDN7wKW2qocVmaCP2l7sQ=="],

    "@opentelemetry/exporter-metrics-otlp-grpc": ["@opentelemetry/exporter-metrics-otlp-grpc@0.219.0", "", { "dependencies": { "@grpc/grpc-js": "^1.14.3", "@opentelemetry/core": "2.8.0", "@opentelemetry/exporter-metrics-otlp-http": "0.219.0", "@opentelemetry/otlp-exporter-base": "0.219.0", "@opentelemetry/otlp-grpc-exporter-base": "0.219.0", "@opentelemetry/otlp-transformer": "0.219.0", "@opentelemetry/resources": "2.8.0", "@opentelemetry/sdk-metrics": "2.8.0" }, "peerDependencies": { "@opentelemetry/api": "^1.3.0" } }, "sha512-6LaaSrPxK5L55bXevWajvOMxGOpNm0n12tG53TeZaUeNzXwLPg6d2KCC1zAlGsojan+xRG71mA4Qqs9K2VVrKQ=="],

    "@opentelemetry/exporter-metrics-otlp-http": ["@opentelemetry/exporter-metrics-otlp-http@0.219.0", "", { "dependencies": { "@opentelemetry/core": "2.8.0", "@opentelemetry/otlp-exporter-base": "0.219.0", "@opentelemetry/otlp-transformer": "0.219.0", "@opentelemetry/resources": "2.8.0", "@opentelemetry/sdk-metrics": "2.8.0" }, "peerDependencies": { "@opentelemetry/api": "^1.3.0" } }, "sha512-6CaDRbMVHZSDWzNXwrR8y/H4B/Z1eMNnkHiPQlTx3Ojz2OHY4X/aff/UC4P/3pHUQSuTfi3oh2UsPPZppw+Vrg=="],

    "@opentelemetry/exporter-trace-otlp-grpc": ["@opentelemetry/exporter-trace-otlp-grpc@0.219.0", "", { "dependencies": { "@grpc/grpc-js": "^1.14.3", "@opentelemetry/core": "2.8.0", "@opentelemetry/otlp-exporter-base": "0.219.0", "@opentelemetry/otlp-grpc-exporter-base": "0.219.0", "@opentelemetry/otlp-transformer": "0.219.0", "@opentelemetry/resources": "2.8.0", "@opentelemetry/sdk-trace-base": "2.8.0" }, "peerDependencies": { "@opentelemetry/api": "^1.3.0" } }, "sha512-BkDNv1UD6BscW19MxbAxVmSYSSFuyeqR6buV2/HTYqA7GrR0EbTFzqG6h86T3PtXmpdbsWjMGLDdjG2rikG27Q=="],

    "@opentelemetry/otlp-exporter-base": ["@opentelemetry/otlp-exporter-base@0.219.0", "", { "dependencies": { "@opentelemetry/core": "2.8.0", "@opentelemetry/otlp-transformer": "0.219.0" }, "peerDependencies": { "@opentelemetry/api": "^1.3.0" } }, "sha512-zvIxQX/AZUVKDU+hCuYx+7UkiP7GRdnk1ZbFQRYzHvYp47cAWR4j3IhoPhV9KaeXEv2xdGq3IA6PnpzDmLcmSA=="],

    "@opentelemetry/otlp-grpc-exporter-base": ["@opentelemetry/otlp-grpc-exporter-base@0.219.0", "", { "dependencies": { "@grpc/grpc-js": "^1.14.3", "@opentelemetry/core": "2.8.0", "@opentelemetry/otlp-exporter-base": "0.219.0", "@opentelemetry/otlp-transformer": "0.219.0" }, "peerDependencies": { "@opentelemetry/api": "^1.3.0" } }, "sha512-iIk/s8QQu39zpTrRRmsW/Eg3SE2+Hg8tLWepr2FLRgmwUpNd0IpCTLJEHJ77hpt4hgIS8MAh44UYI4xQPZwWlw=="],

    "@opentelemetry/otlp-transformer": ["@opentelemetry/otlp-transformer@0.219.0", "", { "dependencies": { "@opentelemetry/api-logs": "0.219.0", "@opentelemetry/core": "2.8.0", "@opentelemetry/resources": "2.8.0", "@opentelemetry/sdk-logs": "0.219.0", "@opentelemetry/sdk-metrics": "2.8.0", "@opentelemetry/sdk-trace-base": "2.8.0" }, "peerDependencies": { "@opentelemetry/api": "^1.3.0" } }, "sha512-aaYKAyXhw9VchKZVGOopD3Gw/kPsyrX2c6IQ0AW32mTjqmZOh5Y6Gf5OYqTNqVktAeBjmFinhyFaCwW6GYK9YQ=="],

    "@opentelemetry/resources": ["@opentelemetry/resources@2.7.1", "", { "dependencies": { "@opentelemetry/core": "2.7.1", "@opentelemetry/semantic-conventions": "^1.29.0" }, "peerDependencies": { "@opentelemetry/api": ">=1.3.0 <1.10.0" } }, "sha512-DeT6KKolmC4e/dRQvMQ/RwlnzhaqeiFOXY5ngoOPJ07GgVVKxZOg9EcrNZb5aTzUn+iCrJldAgOfQm1O/QfPAQ=="],

    "@opentelemetry/sdk-logs": ["@opentelemetry/sdk-logs@0.219.0", "", { "dependencies": { "@opentelemetry/api-logs": "0.219.0", "@opentelemetry/core": "2.8.0", "@opentelemetry/resources": "2.8.0", "@opentelemetry/semantic-conventions": "^1.29.0" }, "peerDependencies": { "@opentelemetry/api": ">=1.4.0 <1.10.0" } }, "sha512-s6lTKRakaPClvKoWHRChxnXjDMkM/TQ30ff78jN6EBGf7MI7VzANE5PU3f4z9qDUudWjvZjOLHG0rBnBKYvoXA=="],

    "@opentelemetry/sdk-metrics": ["@opentelemetry/sdk-metrics@2.7.1", "", { "dependencies": { "@opentelemetry/core": "2.7.1", "@opentelemetry/resources": "2.7.1" }, "peerDependencies": { "@opentelemetry/api": ">=1.9.0 <1.10.0" } }, "sha512-MpDJdkiFDs3Pm1RHO3KByuZbuBdJEXEAkiC0+yJdsZGVCdf1RpHR6n+LHDcS7ffmfrt5kVCzJSCfm4z2C7v0uQ=="],

    "@opentelemetry/sdk-trace-base": ["@opentelemetry/sdk-trace-base@2.8.0", "", { "dependencies": { "@opentelemetry/core": "2.8.0", "@opentelemetry/resources": "2.8.0", "@opentelemetry/semantic-conventions": "^1.29.0" }, "peerDependencies": { "@opentelemetry/api": ">=1.3.0 <1.10.0" } }, "sha512-mhU4jp+vW0mGbFRd+GeXHvmfA4aDqWjBjLC3pE5XMpLs0IE2ryYb019Ts2AQrOq67gaTF25D91+fgvEHDZEnuQ=="],

    "@opentelemetry/sdk-trace-node": ["@opentelemetry/sdk-trace-node@2.7.1", "", { "dependencies": { "@opentelemetry/context-async-hooks": "2.7.1", "@opentelemetry/core": "2.7.1", "@opentelemetry/sdk-trace-base": "2.7.1" }, "peerDependencies": { "@opentelemetry/api": ">=1.0.0 <1.10.0" } }, "sha512-pCpQxU68lV+I9s9svqMyVu5iHdDDUnqUpSxqwyCU8A9ejEsSnMPCbearwsUO4yk08ZJzAIUCFuReMdVQvHrdvg=="],

    "@opentelemetry/semantic-conventions": ["@opentelemetry/semantic-conventions@1.41.1", "", {}, "sha512-/UhIkaZgPutTFmQ7RnIJGgDXZmtEJ7Dvi86xNTFWcnRxVRNk/aotsqDJYeEvDP+FSMB2SdW+pQzNMcWP0rwuNA=="],

    "@protobufjs/aspromise": ["@protobufjs/aspromise@1.1.2", "", {}, "sha512-j+gKExEuLmKwvz3OgROXtrJ2UG2x8Ch2YZUxahh+s1F2HZ+wAceUNLkvy6zKCPVRkU++ZWQrdxsUeQXmcg4uoQ=="],

    "@protobufjs/base64": ["@protobufjs/base64@1.1.2", "", {}, "sha512-AZkcAA5vnN/v4PDqKyMR5lx7hZttPDgClv83E//FMNhR2TMcLUhfRUBHCmSl0oi9zMgDDqRUJkSxO3wm85+XLg=="],

    "@protobufjs/codegen": ["@protobufjs/codegen@2.0.5", "", {}, "sha512-zgXFLzW3Ap33e6d0Wlj4MGIm6Ce8O89n/apUaGNB/jx+hw+ruWEp7EwGUshdLKVRCxZW12fp9r40E1mQrf/34g=="],

    "@protobufjs/eventemitter": ["@protobufjs/eventemitter@1.1.1", "", {}, "sha512-vW1GmwMZNnL+gMRaovlh9yZX74kc+TTU3FObkkurpMaRtBfLP3ldjS9KQWlwZgraRE0+dheEEoAxdzcJQ8eXZg=="],

    "@protobufjs/fetch": ["@protobufjs/fetch@1.1.1", "", { "dependencies": { "@protobufjs/aspromise": "^1.1.1" } }, "sha512-GpptLrs57adMSuHi3VNj0mAF8dwh36LMaYF6XyJ6JMWlVsc+t42tm1HSEDmOs3A8fC9yyeisgLhsTVQokOZ0zw=="],

    "@protobufjs/float": ["@protobufjs/float@1.0.2", "", {}, "sha512-Ddb+kVXlXst9d+R9PfTIxh1EdNkgoRe5tOX6t01f1lYWOvJnSPDBlG241QLzcyPdoNTsblLUdujGSE4RzrTZGQ=="],

    "@protobufjs/inquire": ["@protobufjs/inquire@1.1.2", "", {}, "sha512-pa0vFRuws4wkvaXKK1uXZMAwAX4/t8ANaJo45iw/oQHNQ9q5xUzwgFmVJGXiga2BeN+zpX7Vf9vmsiIa2J+MUw=="],

    "@protobufjs/path": ["@protobufjs/path@1.1.2", "", {}, "sha512-6JOcJ5Tm08dOHAbdR3GrvP+yUUfkjG5ePsHYczMFLq3ZmMkAD98cDgcT2iA1lJ9NVwFd4tH/iSSoe44YWkltEA=="],

    "@protobufjs/pool": ["@protobufjs/pool@1.1.0", "", {}, "sha512-0kELaGSIDBKvcgS4zkjz1PeddatrjYcmMWOlAuAPwAeccUrPHdUqo/J6LiymHHEiJT5NrF1UVwxY14f+fy4WQw=="],

    "@protobufjs/utf8": ["@protobufjs/utf8@1.1.1", "", {}, "sha512-oOAWABowe8EAbMyWKM0tYDKi8Yaox52D+HWZhAIJqQXbqe0xI/GV7FhLWqlEKreMkfDjshR5FKgi3mnle0h6Eg=="],

    "@types/bun": ["@types/bun@1.2.19", "", { "dependencies": { "bun-types": "1.2.19" } }, "sha512-d9ZCmrH3CJ2uYKXQIUuZ/pUnTqIvLDS0SK7pFmbx8ma+ziH/FRMoAq5bYpRG7y+w1gl+HgyNZbtqgMq4W4e2Lg=="],

    "@types/node": ["@types/node@24.2.1", "", { "dependencies": { "undici-types": "~7.10.0" } }, "sha512-DRh5K+ka5eJic8CjH7td8QpYEV6Zo10gfRkjHCO3weqZHWDtAaSTFtl4+VMqOJ4N5jcuhZ9/l+yy8rVgw7BQeQ=="],

    "@types/react": ["@types/react@19.1.9", "", { "dependencies": { "csstype": "^3.0.2" } }, "sha512-WmdoynAX8Stew/36uTSVMcLJJ1KRh6L3IZRx1PZ7qJtBqT3dYTgyDTx8H1qoRghErydW7xw9mSJ3wS//tCRpFA=="],

    "@typescript/native-preview": ["@typescript/native-preview@7.0.0-dev.20250823.8", "", { "optionalDependencies": { "@typescript/native-preview-darwin-arm64": "7.0.0-dev.20250823.8", "@typescript/native-preview-darwin-x64": "7.0.0-dev.20250823.8", "@typescript/native-preview-linux-arm": "7.0.0-dev.20250823.8", "@typescript/native-preview-linux-arm64": "7.0.0-dev.20250823.8", "@typescript/native-preview-linux-x64": "7.0.0-dev.20250823.8", "@typescript/native-preview-win32-arm64": "7.0.0-dev.20250823.8", "@typescript/native-preview-win32-x64": "7.0.0-dev.20250823.8" }, "bin": { "tsgo": "bin/tsgo.js" } }, "sha512-Q2k39E5NCSO7mgvqcZISBq7u4GGkpfcG+QwsqU1othkYCrphqjQZc0L7kLZ3+h53jlq2LbN/M8+LLWyHqScBVw=="],

    "@typescript/native-preview-darwin-arm64": ["@typescript/native-preview-darwin-arm64@7.0.0-dev.20250823.8", "", { "os": "darwin", "cpu": "arm64" }, "sha512-ihhWD3Wfo2NSIY8VIUxG5wI02MQmABAQg4pa7n4z1duCK/+YqZenRkJEjm0eRbsaarDMsvYy7oDqombvQekDqA=="],

    "@typescript/native-preview-darwin-x64": ["@typescript/native-preview-darwin-x64@7.0.0-dev.20250823.8", "", { "os": "darwin", "cpu": "x64" }, "sha512-XKnEDFPxGG5Xq8D+DMqHHxQhBmzIqkFnFP6ulXws/dJg4EfxJo5a9zLACokMhOgQJJlhUdsrJAWf6MXdJmCArg=="],

    "@typescript/native-preview-linux-arm": ["@typescript/native-preview-linux-arm@7.0.0-dev.20250823.8", "", { "os": "linux", "cpu": "arm" }, "sha512-vTtrCNvZnPPrYZUCWB7jjVrXM+rUod+DCYxjWbTVB+yDZSWo5C4dbhY9+MVqLTnYY56AueQuKSG+u+q+txsCyA=="],

    "@typescript/native-preview-linux-arm64": ["@typescript/native-preview-linux-arm64@7.0.0-dev.20250823.8", "", { "os": "linux", "cpu": "arm64" }, "sha512-uzWSiSaw7woqELsUUqVubWc+ac66U7UynhdWyu7RBTPPz1XHag+FdU2vV1klWAqi3jVDatXsQ7XsH+kMghvShw=="],

    "@typescript/native-preview-linux-x64": ["@typescript/native-preview-linux-x64@7.0.0-dev.20250823.8", "", { "os": "linux", "cpu": "x64" }, "sha512-xcPnoPbRZkArb1jsThN/PjvfuN0EqYhd2Q0PVeZsEhFkY56TknBd2jZb1y+OlgLXLDDZc+Ukxh26mVra+cdfgg=="],

    "@typescript/native-preview-win32-arm64": ["@typescript/native-preview-win32-arm64@7.0.0-dev.20250823.8", "", { "os": "win32", "cpu": "arm64" }, "sha512-gqz1f/7k2jhU70I/MdFNRRExhOKiRqFUwByrirv43fdHk6Tn2/PXmmtF8RZBJ8qSJpEMb3FAm7A+iy+Q62S24A=="],

    "@typescript/native-preview-win32-x64": ["@typescript/native-preview-win32-x64@7.0.0-dev.20250823.8", "", { "os": "win32", "cpu": "x64" }, "sha512-Exmfdpq9+KDZ4IG0QRrsYX7+ek2+4ZLAFx0cgPkWFszF/BNFnRw9phic1c6MFhLE2kUK8aof5mo02btm49wnFA=="],

    "ansi-regex": ["ansi-regex@5.0.1", "", {}, "sha512-quJQXlTSUGL2LH9SUXo8VwsY4soanhgo6LNSm84E1LBcE8s3O0wpdiRzyR9z/ZZJMlMWv37qOOb9pdJlMUEKFQ=="],

    "ansi-styles": ["ansi-styles@4.3.0", "", { "dependencies": { "color-convert": "^2.0.1" } }, "sha512-zbB9rCJAT1rbjiVDb2hqKFHNYLxgtk8NURxZ3IZwD3F6NtxbXZQCnnSi1Lkx+IDohdPlFp222wVALIheZJQSEg=="],

    "bun-types": ["bun-types@1.2.19", "", { "dependencies": { "@types/node": "*" }, "peerDependencies": { "@types/react": "^19" } }, "sha512-uAOTaZSPuYsWIXRpj7o56Let0g/wjihKCkeRqUBhlLVM/Bt+Fj9xTo+LhC1OV1XDaGkz4hNC80et5xgy+9KTHQ=="],

    "cliui": ["cliui@8.0.1", "", { "dependencies": { "string-width": "^4.2.0", "strip-ansi": "^6.0.1", "wrap-ansi": "^7.0.0" } }, "sha512-BSeNnyus75C4//NQ9gQt1/csTXyo/8Sb+afLAkzAptFuMsod9HFokGNudZpi/oQV73hnVK+sR+5PVRMd+Dr7YQ=="],

    "color-convert": ["color-convert@2.0.1", "", { "dependencies": { "color-name": "~1.1.4" } }, "sha512-RRECPsj7iu/xb5oKYcsFHSppFNnsj/52OVTRKb4zP5onXwVF3zVmmToNcOfGC+CRDpfK/U584fMg38ZHCaElKQ=="],

    "color-name": ["color-name@1.1.4", "", {}, "sha512-dOy+3AuW3a2wNbZHIuMZpTcgjGuLU/uBL/ubcZF9OXbDo8ff4O8yVp5Bf0efS8uEoYo5q4Fx7dY9OgQGXgAsQA=="],

    "csstype": ["csstype@3.1.3", "", {}, "sha512-M1uQkMl8rQK/szD0LNhtqxIPLpimGm8sOBwU7lLnCpSbTyY3yeU1Vc7l4KT5zT4s/yOxHH5O7tIuuLOCnLADRw=="],

    "emoji-regex": ["emoji-regex@8.0.0", "", {}, "sha512-MSjYzcWNOA0ewAHpz0MxpYFvwg6yjy1NG3xteoqz644VCo/RPgnr1/GGt+ic3iJTzQ8Eu3TdM14SawnVUmGE6A=="],

    "escalade": ["escalade@3.2.0", "", {}, "sha512-WUj2qlxaQtO4g6Pq5c29GTcWGDyd8itL8zTlipgECz3JesAiiOKotd8JU6otB3PACgG6xkJUyVhboMS+bje/jA=="],

    "get-caller-file": ["get-caller-file@2.0.5", "", {}, "sha512-DyFP3BM/3YHTQOCUL/w0OZHR0lpKeGrxotcHWcqNEdnltqFwXVfhEBQ94eIo34AfQpo0rGki4cyIiftY06h2Fg=="],

    "is-fullwidth-code-point": ["is-fullwidth-code-point@3.0.0", "", {}, "sha512-zymm5+u+sCsSWyD9qNaejV3DFvhCKclKdizYaJUuHA83RLjb7nSuGnddCHGv0hk+KY7BMAlsWeK4Ueg6EV6XQg=="],

    "lodash.camelcase": ["lodash.camelcase@4.3.0", "", {}, "sha512-TwuEnCnxbc3rAvhf/LbG7tJUDzhqXyFnv3dtzLOPgCG/hODL7WFnsbwktkD7yUV0RrreP/l1PALq/YSg6VvjlA=="],

    "long": ["long@5.3.2", "", {}, "sha512-mNAgZ1GmyNhD7AuqnTG3/VQ26o760+ZYBPKjPvugO8+nLbYfX6TVpJPseBvopbdY+qpZ/lKUnmEc1LeZYS3QAA=="],

    "protobufjs": ["protobufjs@7.6.3", "", { "dependencies": { "@protobufjs/aspromise": "^1.1.2", "@protobufjs/base64": "^1.1.2", "@protobufjs/codegen": "^2.0.5", "@protobufjs/eventemitter": "^1.1.1", "@protobufjs/fetch": "^1.1.1", "@protobufjs/float": "^1.0.2", "@protobufjs/inquire": "^1.1.2", "@protobufjs/path": "^1.1.2", "@protobufjs/pool": "^1.1.0", "@protobufjs/utf8": "^1.1.1", "@types/node": ">=13.7.0", "long": "^5.3.2" } }, "sha512-+k0vdJKNdW+Vu+dYe8tZA/VvQb6XKNWexC6URwBFXxNnjLJz9nQJCemGyNgRAWD+B7+nGNc9qMPGwcD7s4nzUw=="],

    "require-directory": ["require-directory@2.1.1", "", {}, "sha512-fGxEI7+wsG9xrvdjsrlmL22OMTTiHRwAMroiEeMgq8gzoLC/PQr7RsRDSTLUg/bZAZtF+TVIkHc6/4RIKrui+Q=="],

    "string-width": ["string-width@4.2.3", "", { "dependencies": { "emoji-regex": "^8.0.0", "is-fullwidth-code-point": "^3.0.0", "strip-ansi": "^6.0.1" } }, "sha512-wKyQRQpjJ0sIp62ErSZdGsjMJWsap5oRNihHhu6G7JVO/9jIB6UyevL+tXuOqrng8j/cxKTWyWUwvSTriiZz/g=="],

    "strip-ansi": ["strip-ansi@6.0.1", "", { "dependencies": { "ansi-regex": "^5.0.1" } }, "sha512-Y38VPSHcqkFrCpFnQ9vuSXmquuv5oXOKpGeT6aGrr3o3Gc9AlVa6JBfUSOCnbxGGZF+/0ooI7KrPuUSztUdU5A=="],

    "typescript": ["typescript@5.9.2", "", { "bin": { "tsc": "bin/tsc", "tsserver": "bin/tsserver" } }, "sha512-CWBzXQrc/qOkhidw1OzBTQuYRbfyxDXJMVJ1XNwUHGROVmuaeiEm3OslpZ1RV96d7SKKjZKrSJu3+t/xlw3R9A=="],

    "undici-types": ["undici-types@7.10.0", "", {}, "sha512-t5Fy/nfn+14LuOc2KNYg75vZqClpAiqscVvMygNnlsHBFpSXdJaYtXMcdNLpl/Qvc3P2cB3s6lOV51nqsFq4ag=="],

    "wrap-ansi": ["wrap-ansi@7.0.0", "", { "dependencies": { "ansi-styles": "^4.0.0", "string-width": "^4.1.0", "strip-ansi": "^6.0.0" } }, "sha512-YVGIj2kamLSTxw6NsZjoBxfSwsn0ycdesmc4p+Q21c5zPuZ1pl+NfxVdxPtdHvmNVOQ6XSYG4AUtyt/Fi7D16Q=="],

    "y18n": ["y18n@5.0.8", "", {}, "sha512-0pfFzegeDWJHJIAmTLRP2DwHjdF5s7jo9tuztdQxAhINCdvS+3nGINqPd00AphqJR/0LhANUS6/+7SCb98YOfA=="],

    "yargs": ["yargs@17.7.2", "", { "dependencies": { "cliui": "^8.0.1", "escalade": "^3.1.1", "get-caller-file": "^2.0.5", "require-directory": "^2.1.1", "string-width": "^4.2.3", "y18n": "^5.0.5", "yargs-parser": "^21.1.1" } }, "sha512-7dSzzRQ++CKnNI/krKnYRV7JKKPUXMEh61soaHKg9mrWEhzFWhFnxPxGl+69cD1Ou63C13NUPCnmIcrvqCuM6w=="],

    "yargs-parser": ["yargs-parser@21.1.1", "", {}, "sha512-tVpsJW7DdjecAiFpbIB1e3qxIQsE6NoPc5/eTdrbbIC4h0LVsWhnoa3g+m2HclBIujHzsxZ4VJVA+GUuc2/LBw=="],

    "@opentelemetry/exporter-metrics-otlp-grpc/@opentelemetry/resources": ["@opentelemetry/resources@2.8.0", "", { "dependencies": { "@opentelemetry/core": "2.8.0", "@opentelemetry/semantic-conventions": "^1.29.0" }, "peerDependencies": { "@opentelemetry/api": ">=1.3.0 <1.10.0" } }, "sha512-qmXQ27ilDbUK/vGMqwL8D4/rhn76C+sherM4wTbjlfknR8Nvfc/hCxjRJPhkzZzUsPiNg16SA31NxMabwttRjg=="],

    "@opentelemetry/exporter-metrics-otlp-grpc/@opentelemetry/sdk-metrics": ["@opentelemetry/sdk-metrics@2.8.0", "", { "dependencies": { "@opentelemetry/core": "2.8.0", "@opentelemetry/resources": "2.8.0" }, "peerDependencies": { "@opentelemetry/api": ">=1.9.0 <1.10.0" } }, "sha512-UDBGaj6W0Rgy5rTTaoxs8gVGF/aGkAKyjurJv7se6wjRxJu7FoquTLT/vt54DZfo4crbprYfhX/SOK9+BPw1qg=="],

    "@opentelemetry/exporter-metrics-otlp-http/@opentelemetry/resources": ["@opentelemetry/resources@2.8.0", "", { "dependencies": { "@opentelemetry/core": "2.8.0", "@opentelemetry/semantic-conventions": "^1.29.0" }, "peerDependencies": { "@opentelemetry/api": ">=1.3.0 <1.10.0" } }, "sha512-qmXQ27ilDbUK/vGMqwL8D4/rhn76C+sherM4wTbjlfknR8Nvfc/hCxjRJPhkzZzUsPiNg16SA31NxMabwttRjg=="],

    "@opentelemetry/exporter-metrics-otlp-http/@opentelemetry/sdk-metrics": ["@opentelemetry/sdk-metrics@2.8.0", "", { "dependencies": { "@opentelemetry/core": "2.8.0", "@opentelemetry/resources": "2.8.0" }, "peerDependencies": { "@opentelemetry/api": ">=1.9.0 <1.10.0" } }, "sha512-UDBGaj6W0Rgy5rTTaoxs8gVGF/aGkAKyjurJv7se6wjRxJu7FoquTLT/vt54DZfo4crbprYfhX/SOK9+BPw1qg=="],

    "@opentelemetry/exporter-trace-otlp-grpc/@opentelemetry/resources": ["@opentelemetry/resources@2.8.0", "", { "dependencies": { "@opentelemetry/core": "2.8.0", "@opentelemetry/semantic-conventions": "^1.29.0" }, "peerDependencies": { "@opentelemetry/api": ">=1.3.0 <1.10.0" } }, "sha512-qmXQ27ilDbUK/vGMqwL8D4/rhn76C+sherM4wTbjlfknR8Nvfc/hCxjRJPhkzZzUsPiNg16SA31NxMabwttRjg=="],

    "@opentelemetry/otlp-transformer/@opentelemetry/resources": ["@opentelemetry/resources@2.8.0", "", { "dependencies": { "@opentelemetry/core": "2.8.0", "@opentelemetry/semantic-conventions": "^1.29.0" }, "peerDependencies": { "@opentelemetry/api": ">=1.3.0 <1.10.0" } }, "sha512-qmXQ27ilDbUK/vGMqwL8D4/rhn76C+sherM4wTbjlfknR8Nvfc/hCxjRJPhkzZzUsPiNg16SA31NxMabwttRjg=="],

    "@opentelemetry/otlp-transformer/@opentelemetry/sdk-metrics": ["@opentelemetry/sdk-metrics@2.8.0", "", { "dependencies": { "@opentelemetry/core": "2.8.0", "@opentelemetry/resources": "2.8.0" }, "peerDependencies": { "@opentelemetry/api": ">=1.9.0 <1.10.0" } }, "sha512-UDBGaj6W0Rgy5rTTaoxs8gVGF/aGkAKyjurJv7se6wjRxJu7FoquTLT/vt54DZfo4crbprYfhX/SOK9+BPw1qg=="],

    "@opentelemetry/resources/@opentelemetry/core": ["@opentelemetry/core@2.7.1", "", { "dependencies": { "@opentelemetry/semantic-conventions": "^1.29.0" }, "peerDependencies": { "@opentelemetry/api": ">=1.0.0 <1.10.0" } }, "sha512-QAqIj32AtK6+pEVNG7EOVxHdE06RP+FM5qpiEJ4RtDcFIqKUZHYhl7/7UY5efhwmwNAg7j8QbJVBLxMerc0+gw=="],

    "@opentelemetry/sdk-logs/@opentelemetry/resources": ["@opentelemetry/resources@2.8.0", "", { "dependencies": { "@opentelemetry/core": "2.8.0", "@opentelemetry/semantic-conventions": "^1.29.0" }, "peerDependencies": { "@opentelemetry/api": ">=1.3.0 <1.10.0" } }, "sha512-qmXQ27ilDbUK/vGMqwL8D4/rhn76C+sherM4wTbjlfknR8Nvfc/hCxjRJPhkzZzUsPiNg16SA31NxMabwttRjg=="],

    "@opentelemetry/sdk-metrics/@opentelemetry/core": ["@opentelemetry/core@2.7.1", "", { "dependencies": { "@opentelemetry/semantic-conventions": "^1.29.0" }, "peerDependencies": { "@opentelemetry/api": ">=1.0.0 <1.10.0" } }, "sha512-QAqIj32AtK6+pEVNG7EOVxHdE06RP+FM5qpiEJ4RtDcFIqKUZHYhl7/7UY5efhwmwNAg7j8QbJVBLxMerc0+gw=="],

    "@opentelemetry/sdk-trace-base/@opentelemetry/resources": ["@opentelemetry/resources@2.8.0", "", { "dependencies": { "@opentelemetry/core": "2.8.0", "@opentelemetry/semantic-conventions": "^1.29.0" }, "peerDependencies": { "@opentelemetry/api": ">=1.3.0 <1.10.0" } }, "sha512-qmXQ27ilDbUK/vGMqwL8D4/rhn76C+sherM4wTbjlfknR8Nvfc/hCxjRJPhkzZzUsPiNg16SA31NxMabwttRjg=="],

    "@opentelemetry/sdk-trace-node/@opentelemetry/core": ["@opentelemetry/core@2.7.1", "", { "dependencies": { "@opentelemetry/semantic-conventions": "^1.29.0" }, "peerDependencies": { "@opentelemetry/api": ">=1.0.0 <1.10.0" } }, "sha512-QAqIj32AtK6+pEVNG7EOVxHdE06RP+FM5qpiEJ4RtDcFIqKUZHYhl7/7UY5efhwmwNAg7j8QbJVBLxMerc0+gw=="],

    "@opentelemetry/sdk-trace-node/@opentelemetry/sdk-trace-base": ["@opentelemetry/sdk-trace-base@2.7.1", "", { "dependencies": { "@opentelemetry/core": "2.7.1", "@opentelemetry/resources": "2.7.1", "@opentelemetry/semantic-conventions": "^1.29.0" }, "peerDependencies": { "@opentelemetry/api": ">=1.3.0 <1.10.0" } }, "sha512-NAYIlsF8MPUsKqJMiDQJTMPOmlbawC1Iz/omMLygZ1C9am8fTKYjTaI+OZM+WTY3t3Glo0wnOg/6/pac6RGPPw=="],
  }
}
