{
  "lockfileVersion": 1,
  "configVersion": 0,
  "workspaces": {
    "": {
      "name": "reji-cleaner",
      "dependencies": {
        "@opentelemetry/api": "^1.9.1",
        "@opentelemetry/api-logs": "^0.218.0",
        "@opentelemetry/exporter-logs-otlp-proto": "^0.218.0",
        "@opentelemetry/exporter-metrics-otlp-proto": "^0.218.0",
        "@opentelemetry/exporter-trace-otlp-proto": "^0.218.0",
        "@opentelemetry/resources": "^2.7.1",
        "@opentelemetry/sdk-logs": "^0.218.0",
        "@opentelemetry/sdk-metrics": "^2.7.1",
        "@opentelemetry/sdk-trace-node": "^2.7.1",
        "@opentelemetry/semantic-conventions": "^1.41.1",
        "@typescript/native-preview": "^7.0.0-dev.20250822.1",
      },
      "devDependencies": {
        "@biomejs/biome": "2.4.16",
        "@types/bun": "latest",
      },
      "peerDependencies": {
        "typescript": "^5.0.0 || ^6.0.0",
      },
    },
  },
  "packages": {
    "@biomejs/biome": ["@biomejs/biome@2.4.16", "", { "optionalDependencies": { "@biomejs/cli-darwin-arm64": "2.4.16", "@biomejs/cli-darwin-x64": "2.4.16", "@biomejs/cli-linux-arm64": "2.4.16", "@biomejs/cli-linux-arm64-musl": "2.4.16", "@biomejs/cli-linux-x64": "2.4.16", "@biomejs/cli-linux-x64-musl": "2.4.16", "@biomejs/cli-win32-arm64": "2.4.16", "@biomejs/cli-win32-x64": "2.4.16" }, "bin": { "biome": "bin/biome" } }, "sha512-x9ajFh1zChVybCiM3TN6OD4phAqLgtPZjFrZF+aTMYCPjwBO+k529TX7PPsAqtGNLeV4UgzwQnowEgS7bGmzcA=="],

    "@biomejs/cli-darwin-arm64": ["@biomejs/cli-darwin-arm64@2.4.16", "", { "os": "darwin", "cpu": "arm64" }, "sha512-wxPvu4XOA85YJk9ixSWUmq/QBHbid85BISbOAqqBM/5xQpPk9ayjk5375tOlSC0BeCwNSbPFafQBm+vBumXq0A=="],

    "@biomejs/cli-darwin-x64": ["@biomejs/cli-darwin-x64@2.4.16", "", { "os": "darwin", "cpu": "x64" }, "sha512-xFCqGPwYusQJp4N4NJLi1XJiZqjwFdjhT+KqtNy+Ug3qgfczqnTa6MSDvxJF6TkuDLoYJItMapz6tAf7kCekFw=="],

    "@biomejs/cli-linux-arm64": ["@biomejs/cli-linux-arm64@2.4.16", "", { "os": "linux", "cpu": "arm64" }, "sha512-2kFb4//jxfZaP6D+Rj5VkHkxgyD9EoRAVBEQb8PKRv+s4NO2zYNJKXFaJmK1CmhufJOWEfpHKaRbOja7qjmdhQ=="],

    "@biomejs/cli-linux-arm64-musl": ["@biomejs/cli-linux-arm64-musl@2.4.16", "", { "os": "linux", "cpu": "arm64" }, "sha512-oYxnW0ARfJkr72ezzF2OR8N/rtkgLUQeYtF8cFhVswbknHxtTcmzSsanVJP8yQKnGpGpc2ck6c5zLvHahL6Cbg=="],

    "@biomejs/cli-linux-x64": ["@biomejs/cli-linux-x64@2.4.16", "", { "os": "linux", "cpu": "x64" }, "sha512-NbcBbi/nJqn5baae6wqRXdS7Gadf2uRpehSh6vMSYpG8OhkXl/Xg8aorWrJ+9VWqAT5ml90alLvorkpMW0nBwQ=="],

    "@biomejs/cli-linux-x64-musl": ["@biomejs/cli-linux-x64-musl@2.4.16", "", { "os": "linux", "cpu": "x64" }, "sha512-iHDS+MCM65DPqWGu+ECC3uoALyj2H7F4nVUPxIPjz/PIl94EUu+EDfGZDzFP+NY1EOPVt9NQvwFqq7HdMmowdg=="],

    "@biomejs/cli-win32-arm64": ["@biomejs/cli-win32-arm64@2.4.16", "", { "os": "win32", "cpu": "arm64" }, "sha512-0rgImMsNb5v/chhkIFe3wu7PEFClS6RBAYUijGL9UsYN3PanSaoK24HSSuSJb1pYbYYVjzAyZTl3gtjJ84BM8A=="],

    "@biomejs/cli-win32-x64": ["@biomejs/cli-win32-x64@2.4.16", "", { "os": "win32", "cpu": "x64" }, "sha512-Kp85jgoBHa05gix6UIRjfCDiUV3w/8VIdZ247VyyO2gEjaw12WEVhdIjlxp/AMzXxqxQwbxNTDVZ3Mwd2RG5rw=="],

    "@opentelemetry/api": ["@opentelemetry/api@1.9.1", "", {}, "sha512-gLyJlPHPZYdAk1JENA9LeHejZe1Ti77/pTeFm/nMXmQH/HFZlcS/O2XJB+L8fkbrNSqhdtlvjBVjxwUYanNH5Q=="],

    "@opentelemetry/api-logs": ["@opentelemetry/api-logs@0.218.0", "", { "dependencies": { "@opentelemetry/api": "^1.3.0" } }, "sha512-fmEWp5kXlGEc3i/lR698Hz41DfGyN4Tbe4g7L1AxSc7fF8Xeh/FQ9Quqpa9dVA413Q1Ad43QOLzU4JoXgbFPWw=="],

    "@opentelemetry/context-async-hooks": ["@opentelemetry/context-async-hooks@2.7.1", "", { "peerDependencies": { "@opentelemetry/api": ">=1.0.0 <1.10.0" } }, "sha512-OPFBYuXEn1E4ja3Y6eeA7O+ZnLBNcXTV5Cgsn1VaqBZ6hC5FnpZPLBNme1LJY8ZtF4aOujPKFoeWN4ik487KuQ=="],

    "@opentelemetry/core": ["@opentelemetry/core@2.7.1", "", { "dependencies": { "@opentelemetry/semantic-conventions": "^1.29.0" }, "peerDependencies": { "@opentelemetry/api": ">=1.0.0 <1.10.0" } }, "sha512-QAqIj32AtK6+pEVNG7EOVxHdE06RP+FM5qpiEJ4RtDcFIqKUZHYhl7/7UY5efhwmwNAg7j8QbJVBLxMerc0+gw=="],

    "@opentelemetry/exporter-logs-otlp-proto": ["@opentelemetry/exporter-logs-otlp-proto@0.218.0", "", { "dependencies": { "@opentelemetry/api-logs": "0.218.0", "@opentelemetry/core": "2.7.1", "@opentelemetry/otlp-exporter-base": "0.218.0", "@opentelemetry/otlp-transformer": "0.218.0", "@opentelemetry/resources": "2.7.1", "@opentelemetry/sdk-logs": "0.218.0", "@opentelemetry/sdk-trace-base": "2.7.1" }, "peerDependencies": { "@opentelemetry/api": "^1.3.0" } }, "sha512-1/noQNsp9gXD75HPzgjBrcF1+XTtry7pFAUfxVEJgg7mPv2AawKQuYkhMmJ8qjxz4Ubc3Y8bwvfxevXsKTq4cg=="],

    "@opentelemetry/exporter-metrics-otlp-http": ["@opentelemetry/exporter-metrics-otlp-http@0.218.0", "", { "dependencies": { "@opentelemetry/core": "2.7.1", "@opentelemetry/otlp-exporter-base": "0.218.0", "@opentelemetry/otlp-transformer": "0.218.0", "@opentelemetry/resources": "2.7.1", "@opentelemetry/sdk-metrics": "2.7.1" }, "peerDependencies": { "@opentelemetry/api": "^1.3.0" } }, "sha512-bV7d2OuMpZu2+gAaxUAhzfZ0h3WVZk8ETQUEE3DNSntbTaMpuITjtm8I0rNyHFdm7Ax57K6ty7SgFXlBmOLIvQ=="],

    "@opentelemetry/exporter-metrics-otlp-proto": ["@opentelemetry/exporter-metrics-otlp-proto@0.218.0", "", { "dependencies": { "@opentelemetry/core": "2.7.1", "@opentelemetry/exporter-metrics-otlp-http": "0.218.0", "@opentelemetry/otlp-exporter-base": "0.218.0", "@opentelemetry/otlp-transformer": "0.218.0", "@opentelemetry/resources": "2.7.1", "@opentelemetry/sdk-metrics": "2.7.1" }, "peerDependencies": { "@opentelemetry/api": "^1.3.0" } }, "sha512-ubLddKjWULhla9YZRCj/rTBeppjJYE4e9w0icx5mTu3eFhWjQzbV75NYjXuIlEG+NJsBl6d+sTFw5Qu+oej4oQ=="],

    "@opentelemetry/exporter-trace-otlp-proto": ["@opentelemetry/exporter-trace-otlp-proto@0.218.0", "", { "dependencies": { "@opentelemetry/core": "2.7.1", "@opentelemetry/otlp-exporter-base": "0.218.0", "@opentelemetry/otlp-transformer": "0.218.0", "@opentelemetry/resources": "2.7.1", "@opentelemetry/sdk-trace-base": "2.7.1" }, "peerDependencies": { "@opentelemetry/api": "^1.3.0" } }, "sha512-r1Msf8SNLRmwh9J6XQ5uh82D7CdDWMNHnPB7LAVHjzut0TkSeKc5KcIvr4SvHvfk/xwN5gxC+VLKQ1k0o8PSPw=="],

    "@opentelemetry/otlp-exporter-base": ["@opentelemetry/otlp-exporter-base@0.218.0", "", { "dependencies": { "@opentelemetry/core": "2.7.1", "@opentelemetry/otlp-transformer": "0.218.0" }, "peerDependencies": { "@opentelemetry/api": "^1.3.0" } }, "sha512-ZwqpkNL5W7RyGJPDZ9g06DvKp8KFTWPJPN12anpMQYSKpTSU0z3EIZuPq9vPGpS8siFyOqDYDAuCwlNO9FqgbA=="],

    "@opentelemetry/otlp-transformer": ["@opentelemetry/otlp-transformer@0.218.0", "", { "dependencies": { "@opentelemetry/api-logs": "0.218.0", "@opentelemetry/core": "2.7.1", "@opentelemetry/resources": "2.7.1", "@opentelemetry/sdk-logs": "0.218.0", "@opentelemetry/sdk-metrics": "2.7.1", "@opentelemetry/sdk-trace-base": "2.7.1" }, "peerDependencies": { "@opentelemetry/api": "^1.3.0" } }, "sha512-CFaKH87WAzjuJ4awowTTLzUvMfaRfiOFG5+qm5S5ncyalRtN4ecQ+YmuANJSCrVPuvZFEkUgKhBPBndxi3rHsQ=="],

    "@opentelemetry/resources": ["@opentelemetry/resources@2.7.1", "", { "dependencies": { "@opentelemetry/core": "2.7.1", "@opentelemetry/semantic-conventions": "^1.29.0" }, "peerDependencies": { "@opentelemetry/api": ">=1.3.0 <1.10.0" } }, "sha512-DeT6KKolmC4e/dRQvMQ/RwlnzhaqeiFOXY5ngoOPJ07GgVVKxZOg9EcrNZb5aTzUn+iCrJldAgOfQm1O/QfPAQ=="],

    "@opentelemetry/sdk-logs": ["@opentelemetry/sdk-logs@0.218.0", "", { "dependencies": { "@opentelemetry/api-logs": "0.218.0", "@opentelemetry/core": "2.7.1", "@opentelemetry/resources": "2.7.1", "@opentelemetry/semantic-conventions": "^1.29.0" }, "peerDependencies": { "@opentelemetry/api": ">=1.4.0 <1.10.0" } }, "sha512-QvnNdugatFTVCJXH0Mcu7GOOJSylA9j127kIezOE4YwTI4YbowRons2K4WZTv5FMS8T4q9P0NdaRHdkSmeAIag=="],

    "@opentelemetry/sdk-metrics": ["@opentelemetry/sdk-metrics@2.7.1", "", { "dependencies": { "@opentelemetry/core": "2.7.1", "@opentelemetry/resources": "2.7.1" }, "peerDependencies": { "@opentelemetry/api": ">=1.9.0 <1.10.0" } }, "sha512-MpDJdkiFDs3Pm1RHO3KByuZbuBdJEXEAkiC0+yJdsZGVCdf1RpHR6n+LHDcS7ffmfrt5kVCzJSCfm4z2C7v0uQ=="],

    "@opentelemetry/sdk-trace-base": ["@opentelemetry/sdk-trace-base@2.7.1", "", { "dependencies": { "@opentelemetry/core": "2.7.1", "@opentelemetry/resources": "2.7.1", "@opentelemetry/semantic-conventions": "^1.29.0" }, "peerDependencies": { "@opentelemetry/api": ">=1.3.0 <1.10.0" } }, "sha512-NAYIlsF8MPUsKqJMiDQJTMPOmlbawC1Iz/omMLygZ1C9am8fTKYjTaI+OZM+WTY3t3Glo0wnOg/6/pac6RGPPw=="],

    "@opentelemetry/sdk-trace-node": ["@opentelemetry/sdk-trace-node@2.7.1", "", { "dependencies": { "@opentelemetry/context-async-hooks": "2.7.1", "@opentelemetry/core": "2.7.1", "@opentelemetry/sdk-trace-base": "2.7.1" }, "peerDependencies": { "@opentelemetry/api": ">=1.0.0 <1.10.0" } }, "sha512-pCpQxU68lV+I9s9svqMyVu5iHdDDUnqUpSxqwyCU8A9ejEsSnMPCbearwsUO4yk08ZJzAIUCFuReMdVQvHrdvg=="],

    "@opentelemetry/semantic-conventions": ["@opentelemetry/semantic-conventions@1.41.1", "", {}, "sha512-/UhIkaZgPutTFmQ7RnIJGgDXZmtEJ7Dvi86xNTFWcnRxVRNk/aotsqDJYeEvDP+FSMB2SdW+pQzNMcWP0rwuNA=="],

    "@types/bun": ["@types/bun@1.2.19", "", { "dependencies": { "bun-types": "1.2.19" } }, "sha512-d9ZCmrH3CJ2uYKXQIUuZ/pUnTqIvLDS0SK7pFmbx8ma+ziH/FRMoAq5bYpRG7y+w1gl+HgyNZbtqgMq4W4e2Lg=="],

    "@types/node": ["@types/node@24.2.1", "", { "dependencies": { "undici-types": "~7.10.0" } }, "sha512-DRh5K+ka5eJic8CjH7td8QpYEV6Zo10gfRkjHCO3weqZHWDtAaSTFtl4+VMqOJ4N5jcuhZ9/l+yy8rVgw7BQeQ=="],

    "@types/react": ["@types/react@19.1.9", "", { "dependencies": { "csstype": "^3.0.2" } }, "sha512-WmdoynAX8Stew/36uTSVMcLJJ1KRh6L3IZRx1PZ7qJtBqT3dYTgyDTx8H1qoRghErydW7xw9mSJ3wS//tCRpFA=="],

    "@typescript/native-preview": ["@typescript/native-preview@7.0.0-dev.20250823.8", "", { "optionalDependencies": { "@typescript/native-preview-darwin-arm64": "7.0.0-dev.20250823.8", "@typescript/native-preview-darwin-x64": "7.0.0-dev.20250823.8", "@typescript/native-preview-linux-arm": "7.0.0-dev.20250823.8", "@typescript/native-preview-linux-arm64": "7.0.0-dev.20250823.8", "@typescript/native-preview-linux-x64": "7.0.0-dev.20250823.8", "@typescript/native-preview-win32-arm64": "7.0.0-dev.20250823.8", "@typescript/native-preview-win32-x64": "7.0.0-dev.20250823.8" }, "bin": { "tsgo": "bin/tsgo.js" } }, "sha512-Q2k39E5NCSO7mgvqcZISBq7u4GGkpfcG+QwsqU1othkYCrphqjQZc0L7kLZ3+h53jlq2LbN/M8+LLWyHqScBVw=="],

    "@typescript/native-preview-darwin-arm64": ["@typescript/native-preview-darwin-arm64@7.0.0-dev.20250823.8", "", { "os": "darwin", "cpu": "arm64" }, "sha512-ihhWD3Wfo2NSIY8VIUxG5wI02MQmABAQg4pa7n4z1duCK/+YqZenRkJEjm0eRbsaarDMsvYy7oDqombvQekDqA=="],

    "@typescript/native-preview-darwin-x64": ["@typescript/native-preview-darwin-x64@7.0.0-dev.20250823.8", "", { "os": "darwin", "cpu": "x64" }, "sha512-XKnEDFPxGG5Xq8D+DMqHHxQhBmzIqkFnFP6ulXws/dJg4EfxJo5a9zLACokMhOgQJJlhUdsrJAWf6MXdJmCArg=="],

    "@typescript/native-preview-linux-arm": ["@typescript/native-preview-linux-arm@7.0.0-dev.20250823.8", "", { "os": "linux", "cpu": "arm" }, "sha512-vTtrCNvZnPPrYZUCWB7jjVrXM+rUod+DCYxjWbTVB+yDZSWo5C4dbhY9+MVqLTnYY56AueQuKSG+u+q+txsCyA=="],

    "@typescript/native-preview-linux-arm64": ["@typescript/native-preview-linux-arm64@7.0.0-dev.20250823.8", "", { "os": "linux", "cpu": "arm64" }, "sha512-uzWSiSaw7woqELsUUqVubWc+ac66U7UynhdWyu7RBTPPz1XHag+FdU2vV1klWAqi3jVDatXsQ7XsH+kMghvShw=="],

    "@typescript/native-preview-linux-x64": ["@typescript/native-preview-linux-x64@7.0.0-dev.20250823.8", "", { "os": "linux", "cpu": "x64" }, "sha512-xcPnoPbRZkArb1jsThN/PjvfuN0EqYhd2Q0PVeZsEhFkY56TknBd2jZb1y+OlgLXLDDZc+Ukxh26mVra+cdfgg=="],

    "@typescript/native-preview-win32-arm64": ["@typescript/native-preview-win32-arm64@7.0.0-dev.20250823.8", "", { "os": "win32", "cpu": "arm64" }, "sha512-gqz1f/7k2jhU70I/MdFNRRExhOKiRqFUwByrirv43fdHk6Tn2/PXmmtF8RZBJ8qSJpEMb3FAm7A+iy+Q62S24A=="],

    "@typescript/native-preview-win32-x64": ["@typescript/native-preview-win32-x64@7.0.0-dev.20250823.8", "", { "os": "win32", "cpu": "x64" }, "sha512-Exmfdpq9+KDZ4IG0QRrsYX7+ek2+4ZLAFx0cgPkWFszF/BNFnRw9phic1c6MFhLE2kUK8aof5mo02btm49wnFA=="],

    "bun-types": ["bun-types@1.2.19", "", { "dependencies": { "@types/node": "*" }, "peerDependencies": { "@types/react": "^19" } }, "sha512-uAOTaZSPuYsWIXRpj7o56Let0g/wjihKCkeRqUBhlLVM/Bt+Fj9xTo+LhC1OV1XDaGkz4hNC80et5xgy+9KTHQ=="],

    "csstype": ["csstype@3.1.3", "", {}, "sha512-M1uQkMl8rQK/szD0LNhtqxIPLpimGm8sOBwU7lLnCpSbTyY3yeU1Vc7l4KT5zT4s/yOxHH5O7tIuuLOCnLADRw=="],

    "typescript": ["typescript@5.9.2", "", { "bin": { "tsc": "bin/tsc", "tsserver": "bin/tsserver" } }, "sha512-CWBzXQrc/qOkhidw1OzBTQuYRbfyxDXJMVJ1XNwUHGROVmuaeiEm3OslpZ1RV96d7SKKjZKrSJu3+t/xlw3R9A=="],

    "undici-types": ["undici-types@7.10.0", "", {}, "sha512-t5Fy/nfn+14LuOc2KNYg75vZqClpAiqscVvMygNnlsHBFpSXdJaYtXMcdNLpl/Qvc3P2cB3s6lOV51nqsFq4ag=="],
  }
}
