# THIS IS AN AUTOGENERATED FILE. DO NOT EDIT THIS FILE DIRECTLY.
# yarn lockfile v1


"@biomejs/biome@2.2.6":
  version "2.2.6"
  resolved "https://registry.yarnpkg.com/@biomejs/biome/-/biome-2.2.6.tgz#76d8afbdd609a5dbace84bc982ae974a24b70b62"
  integrity sha512-yKTCNGhek0rL5OEW1jbLeZX8LHaM8yk7+3JRGv08my+gkpmtb5dDE+54r2ZjZx0ediFEn1pYBOJSmOdDP9xtFw==
  optionalDependencies:
    "@biomejs/cli-darwin-arm64" "2.2.6"
    "@biomejs/cli-darwin-x64" "2.2.6"
    "@biomejs/cli-linux-arm64" "2.2.6"
    "@biomejs/cli-linux-arm64-musl" "2.2.6"
    "@biomejs/cli-linux-x64" "2.2.6"
    "@biomejs/cli-linux-x64-musl" "2.2.6"
    "@biomejs/cli-win32-arm64" "2.2.6"
    "@biomejs/cli-win32-x64" "2.2.6"

"@biomejs/cli-darwin-arm64@2.2.6":
  version "2.2.6"
  resolved "https://registry.yarnpkg.com/@biomejs/cli-darwin-arm64/-/cli-darwin-arm64-2.2.6.tgz#b232a7d92c0b28884c1cf99d4348e1a52f95931f"
  integrity sha512-UZPmn3M45CjTYulgcrFJFZv7YmK3pTxTJDrFYlNElT2FNnkkX4fsxjExTSMeWKQYoZjvekpH5cvrYZZlWu3yfA==

"@biomejs/cli-darwin-x64@2.2.6":
  version "2.2.6"
  resolved "https://registry.yarnpkg.com/@biomejs/cli-darwin-x64/-/cli-darwin-x64-2.2.6.tgz#3a2d1582037735f8ed5243aa6d3cc4f4082c5f42"
  integrity sha512-HOUIquhHVgh/jvxyClpwlpl/oeMqntlteL89YqjuFDiZ091P0vhHccwz+8muu3nTyHWM5FQslt+4Jdcd67+xWQ==

"@biomejs/cli-linux-arm64-musl@2.2.6":
  version "2.2.6"
  resolved "https://registry.yarnpkg.com/@biomejs/cli-linux-arm64-musl/-/cli-linux-arm64-musl-2.2.6.tgz#2bfe0859c55c840c0648f2b307efccca2527d655"
  integrity sha512-TjCenQq3N6g1C+5UT3jE1bIiJb5MWQvulpUngTIpFsL4StVAUXucWD0SL9MCW89Tm6awWfeXBbZBAhJwjyFbRQ==

"@biomejs/cli-linux-arm64@2.2.6":
  version "2.2.6"
  resolved "https://registry.yarnpkg.com/@biomejs/cli-linux-arm64/-/cli-linux-arm64-2.2.6.tgz#aa1817296d84bda6ea972a54b139d1664580c190"
  integrity sha512-BpGtuMJGN+o8pQjvYsUKZ+4JEErxdSmcRD/JG3mXoWc6zrcA7OkuyGFN1mDggO0Q1n7qXxo/PcupHk8gzijt5g==

"@biomejs/cli-linux-x64-musl@2.2.6":
  version "2.2.6"
  resolved "https://registry.yarnpkg.com/@biomejs/cli-linux-x64-musl/-/cli-linux-x64-musl-2.2.6.tgz#b65f9191420e3384e287b21a8b1769795ee2c4c1"
  integrity sha512-1ZcBux8zVM3JhWN2ZCPaYf0+ogxXG316uaoXJdgoPZcdK/rmRcRY7PqHdAos2ExzvjIdvhQp72UcveI98hgOog==

"@biomejs/cli-linux-x64@2.2.6":
  version "2.2.6"
  resolved "https://registry.yarnpkg.com/@biomejs/cli-linux-x64/-/cli-linux-x64-2.2.6.tgz#5c5f07264bed31a436db60577c77ea9f64a62d2b"
  integrity sha512-1HaM/dpI/1Z68zp8ZdT6EiBq+/O/z97a2AiHMl+VAdv5/ELckFt9EvRb8hDHpk8hUMoz03gXkC7VPXOVtU7faA==

"@biomejs/cli-win32-arm64@2.2.6":
  version "2.2.6"
  resolved "https://registry.yarnpkg.com/@biomejs/cli-win32-arm64/-/cli-win32-arm64-2.2.6.tgz#a47ef2d6bec694df088ba70ffd6e89839c9c2304"
  integrity sha512-h3A88G8PGM1ryTeZyLlSdfC/gz3e95EJw9BZmA6Po412DRqwqPBa2Y9U+4ZSGUAXCsnSQE00jLV8Pyrh0d+jQw==

"@biomejs/cli-win32-x64@2.2.6":
  version "2.2.6"
  resolved "https://registry.yarnpkg.com/@biomejs/cli-win32-x64/-/cli-win32-x64-2.2.6.tgz#cec00e860d9f20d820a48db4a6c7ab3b35c83ac6"
  integrity sha512-yx0CqeOhPjYQ5ZXgPfu8QYkgBhVJyvWe36as7jRuPrKPO5ylVDfwVtPQ+K/mooNTADW0IhxOZm3aPu16dP8yNQ==

"@types/bun@latest":
  version "1.2.20"
  resolved "https://registry.yarnpkg.com/@types/bun/-/bun-1.2.20.tgz#2b7339f063a5a27a4ef10fd7d0f21095b578eee5"
  dependencies:
    bun-types "1.2.20"

"@types/node@*":
  version "24.2.1"
  resolved "https://registry.yarnpkg.com/@types/node/-/node-24.2.1.tgz#83e41543f0a518e006594bb394e2cd961de56727"
  dependencies:
    undici-types "~7.10.0"

"@typescript/native-preview-darwin-arm64@7.0.0-dev.20251021.1":
  version "7.0.0-dev.20251021.1"
  resolved "https://registry.yarnpkg.com/@typescript/native-preview-darwin-arm64/-/native-preview-darwin-arm64-7.0.0-dev.20251021.1.tgz#7a7f9ee5eaae1b207ba4e181e3b357409d5d08e6"
  integrity sha512-RNTyYdrTEk0fCTdQmqF1YVa4busMGCahydvSS/KLw5bPDschyJb5XeYlwobY+zQel6dQzNL8F/Xrj8rx+QeviQ==

"@typescript/native-preview-darwin-x64@7.0.0-dev.20251021.1":
  version "7.0.0-dev.20251021.1"
  resolved "https://registry.yarnpkg.com/@typescript/native-preview-darwin-x64/-/native-preview-darwin-x64-7.0.0-dev.20251021.1.tgz#a1f2cf8ffe4363808a2ddbd6858720b41e581688"
  integrity sha512-ojkOdqkNEIYFtlV8lVr0z/Behv/U+dMmGvyhYXAsTpUKH+yH2r4URwY2pFcMuN1IlAQuJEM4sYGhKtp/Ugw5kw==

"@typescript/native-preview-linux-arm64@7.0.0-dev.20251021.1":
  version "7.0.0-dev.20251021.1"
  resolved "https://registry.yarnpkg.com/@typescript/native-preview-linux-arm64/-/native-preview-linux-arm64-7.0.0-dev.20251021.1.tgz#cd239140dce6fbcb8cec3ffcdc19462307662210"
  integrity sha512-NRbvTM8ZAdjFvBf/0sVp5iEHK4VMdCCxGaxKuydcF2lH9cOYbFC5LvweIzKL/xv7n8dJdNFtIxz/6x3PkqbEjw==

"@typescript/native-preview-linux-arm@7.0.0-dev.20251021.1":
  version "7.0.0-dev.20251021.1"
  resolved "https://registry.yarnpkg.com/@typescript/native-preview-linux-arm/-/native-preview-linux-arm-7.0.0-dev.20251021.1.tgz#5cc555289e37f866908cd494e7e6abca262ef57b"
  integrity sha512-PsWLh+M5f5PeU17oFGqgRdrKkGqWiLo/T0PYh8jRzNA9Qb+ftmQ5DYKUlT2XiorVB1wxQPuUGhN0M+6B5HScwQ==

"@typescript/native-preview-linux-x64@7.0.0-dev.20251021.1":
  version "7.0.0-dev.20251021.1"
  resolved "https://registry.yarnpkg.com/@typescript/native-preview-linux-x64/-/native-preview-linux-x64-7.0.0-dev.20251021.1.tgz#93bcf5d2b692e757c915f724a7cf1ef422230a15"
  integrity sha512-mwtOI3U5ypho/ep+ZGR3cjOEx9S3ELpgcrmI4LbX5gqoJouUDqbN8WmsVyCdaJS7etzG+nQslkEw6hzdFpw7pg==

"@typescript/native-preview-win32-arm64@7.0.0-dev.20251021.1":
  version "7.0.0-dev.20251021.1"
  resolved "https://registry.yarnpkg.com/@typescript/native-preview-win32-arm64/-/native-preview-win32-arm64-7.0.0-dev.20251021.1.tgz#629b7f5e7ae33b231f85b75b9e5cadac9e5774cc"
  integrity sha512-Y2lWWfIPShizPo8/lLaOPsMhzZXJZFSzqfsSHvULuW2GyAvpEVw9/LThnc5cwEuxzSC+Qiztl997ymNKxU0bGw==

"@typescript/native-preview-win32-x64@7.0.0-dev.20251021.1":
  version "7.0.0-dev.20251021.1"
  resolved "https://registry.yarnpkg.com/@typescript/native-preview-win32-x64/-/native-preview-win32-x64-7.0.0-dev.20251021.1.tgz#92aa71be454a321ed8c31864d1fd7964c1ec02ee"
  integrity sha512-hf4XEZQgCuT+er0InEqVXNR3e/auydTytB3O/7h9Ne4uiJ9dcCwChvn0tkJoXvQxLvpUJEMqxywj3EY74IvkTw==

"@typescript/native-preview@^7.0.0-dev.20250822.1":
  version "7.0.0-dev.20251021.1"
  resolved "https://registry.yarnpkg.com/@typescript/native-preview/-/native-preview-7.0.0-dev.20251021.1.tgz#af8c6fdc9d57f35f1d8f1fefda3731ef9d8d84c6"
  integrity sha512-9IQyUKHeF1oGk72QG7mXJfpSQpV/NId08hA8WKhS5XivDsoKS43NUZhQi8S2ZMbAC4sctjA0kShWl3HnvWGLmw==
  optionalDependencies:
    "@typescript/native-preview-darwin-arm64" "7.0.0-dev.20251021.1"
    "@typescript/native-preview-darwin-x64" "7.0.0-dev.20251021.1"
    "@typescript/native-preview-linux-arm" "7.0.0-dev.20251021.1"
    "@typescript/native-preview-linux-arm64" "7.0.0-dev.20251021.1"
    "@typescript/native-preview-linux-x64" "7.0.0-dev.20251021.1"
    "@typescript/native-preview-win32-arm64" "7.0.0-dev.20251021.1"
    "@typescript/native-preview-win32-x64" "7.0.0-dev.20251021.1"

bun-types@1.2.20:
  version "1.2.20"
  resolved "https://registry.yarnpkg.com/bun-types/-/bun-types-1.2.20.tgz#7ff3a05b2183fbe33d51c76ac99ae83aaf882988"
  dependencies:
    "@types/node" "*"

undici-types@~7.10.0:
  version "7.10.0"
  resolved "https://registry.yarnpkg.com/undici-types/-/undici-types-7.10.0.tgz#4ac2e058ce56b462b056e629cc6a02393d3ff350"
