# THIS IS AN AUTOGENERATED FILE. DO NOT EDIT THIS FILE DIRECTLY.
# yarn lockfile v1


"@biomejs/biome@2.4.12":
  version "2.4.12"
  resolved "https://registry.yarnpkg.com/@biomejs/biome/-/biome-2.4.12.tgz#f306554152dabf74b9ca0196af56b800e4d60de3"
  integrity sha512-Rro7adQl3NLq/zJCIL98eElXKI8eEiBtoeu5TbXF/U3qbjuSc7Jb5rjUbeHHcquDWeSf3HnGP7XI5qGrlRk/pA==
  optionalDependencies:
    "@biomejs/cli-darwin-arm64" "2.4.12"
    "@biomejs/cli-darwin-x64" "2.4.12"
    "@biomejs/cli-linux-arm64" "2.4.12"
    "@biomejs/cli-linux-arm64-musl" "2.4.12"
    "@biomejs/cli-linux-x64" "2.4.12"
    "@biomejs/cli-linux-x64-musl" "2.4.12"
    "@biomejs/cli-win32-arm64" "2.4.12"
    "@biomejs/cli-win32-x64" "2.4.12"

"@biomejs/cli-darwin-arm64@2.4.12":
  version "2.4.12"
  resolved "https://registry.yarnpkg.com/@biomejs/cli-darwin-arm64/-/cli-darwin-arm64-2.4.12.tgz#5a67a718bbf69e5736b01a68af92e6ca8a5bb2fa"
  integrity sha512-BnMU4Pc3ciEVteVpZ0BK33MLr7X57F5w1dwDLDn+/iy/yTrA4Q/N2yftidFtsA4vrDh0FMXDpacNV/Tl3fbmng==

"@biomejs/cli-darwin-x64@2.4.12":
  version "2.4.12"
  resolved "https://registry.yarnpkg.com/@biomejs/cli-darwin-x64/-/cli-darwin-x64-2.4.12.tgz#78363ac83afd026cc3743392ff9cefa4213d5724"
  integrity sha512-x9uJ0bI1rJsWICp3VH8w/5PnAVD3A7SqzDpbrfoUQX1QyWrK5jSU4fRLo/wSgGeplCivbxBRKmt5Xq4/nWvq8A==

"@biomejs/cli-linux-arm64-musl@2.4.12":
  version "2.4.12"
  resolved "https://registry.yarnpkg.com/@biomejs/cli-linux-arm64-musl/-/cli-linux-arm64-musl-2.4.12.tgz#1623cbf793d7e0aabcad10e5e58479d4ed2a47f3"
  integrity sha512-FhfpkAAlKL6kwvcVap0Hgp4AhZmtd3YImg0kK1jd7C/aSoh4SfsB2f++yG1rU0lr8Y5MCFJrcSkmssiL9Xnnig==

"@biomejs/cli-linux-arm64@2.4.12":
  version "2.4.12"
  resolved "https://registry.yarnpkg.com/@biomejs/cli-linux-arm64/-/cli-linux-arm64-2.4.12.tgz#dd392f5fdbc988e7dd3d3a31dfa7eb62efa1316e"
  integrity sha512-tOwuCuZZtKi1jVzbk/5nXmIsziOB6yqN8c9r9QM0EJYPU6DpQWf11uBOSCfFKKM4H3d9ZoarvlgMfbcuD051Pw==

"@biomejs/cli-linux-x64-musl@2.4.12":
  version "2.4.12"
  resolved "https://registry.yarnpkg.com/@biomejs/cli-linux-x64-musl/-/cli-linux-x64-musl-2.4.12.tgz#c7617a734e5e962958ac2eb769be91fffb400dd0"
  integrity sha512-dwTIgZrGutzhkQCuvHynCkyW6hJxUuyZqKKO0YNfaS2GUoRO+tOvxXZqZB6SkWAOdfZTzwaw8IEdUnIkHKHoew==

"@biomejs/cli-linux-x64@2.4.12":
  version "2.4.12"
  resolved "https://registry.yarnpkg.com/@biomejs/cli-linux-x64/-/cli-linux-x64-2.4.12.tgz#ab149c1b44e4e6ddddc35c7018d8b919440b39ed"
  integrity sha512-8pFeAnLU9QdW9jCIslB/v82bI0lhBmz2ZAKc8pVMFPO0t0wAHsoEkrUQUbMkIorTRIjbqyNZHA3lEXavsPWYSw==

"@biomejs/cli-win32-arm64@2.4.12":
  version "2.4.12"
  resolved "https://registry.yarnpkg.com/@biomejs/cli-win32-arm64/-/cli-win32-arm64-2.4.12.tgz#965b264b86546635965d02b240fb1a604ca3b2fb"
  integrity sha512-B0DLnx0vA9ya/3v7XyCaP+/lCpnbWbMOfUFFve+xb5OxyYvdHaS55YsSddr228Y+JAFk58agCuZTsqNiw2a6ig==

"@biomejs/cli-win32-x64@2.4.12":
  version "2.4.12"
  resolved "https://registry.yarnpkg.com/@biomejs/cli-win32-x64/-/cli-win32-x64-2.4.12.tgz#ec05df80b2d25d5a54651bacdc5187a800e4f7f3"
  integrity sha512-yMckRzTyZ83hkk8iDFWswqSdU8tvZxspJKnYNh7JZr/zhZNOlzH13k4ecboU6MurKExCe2HUkH75pGI/O2JwGA==

"@types/bun@latest":
  version "1.2.20"
  resolved "https://registry.yarnpkg.com/@types/bun/-/bun-1.2.20.tgz#2b7339f063a5a27a4ef10fd7d0f21095b578eee5"
  dependencies:
    bun-types "1.2.20"

"@types/node@*":
  version "24.2.1"
  resolved "https://registry.yarnpkg.com/@types/node/-/node-24.2.1.tgz#83e41543f0a518e006594bb394e2cd961de56727"
  dependencies:
    undici-types "~7.10.0"

"@typescript/native-preview-darwin-arm64@7.0.0-dev.20260416.1":
  version "7.0.0-dev.20260416.1"
  resolved "https://registry.yarnpkg.com/@typescript/native-preview-darwin-arm64/-/native-preview-darwin-arm64-7.0.0-dev.20260416.1.tgz#bd26c2f3f54b24f94d5f37395299b90db9fa8228"
  integrity sha512-C+apBESKbPP2WiWkQH9z14UErEB7hbSLisxx7CdHEwjt80cN7Xh09qcFPe+b8ouMtsVNVNAQUYpZyCI5+/6Y9A==

"@typescript/native-preview-darwin-x64@7.0.0-dev.20260416.1":
  version "7.0.0-dev.20260416.1"
  resolved "https://registry.yarnpkg.com/@typescript/native-preview-darwin-x64/-/native-preview-darwin-x64-7.0.0-dev.20260416.1.tgz#f9c134a66862eff129974790ab8989834ce5d199"
  integrity sha512-TKHD0tNPcm1vrpEf5yun3VqrNTDTM3KYBj6Ize305CgFuGdtVLGWPJQ4DobUUliR68RzrnDRTt+u1nc70hcEHg==

"@typescript/native-preview-linux-arm64@7.0.0-dev.20260416.1":
  version "7.0.0-dev.20260416.1"
  resolved "https://registry.yarnpkg.com/@typescript/native-preview-linux-arm64/-/native-preview-linux-arm64-7.0.0-dev.20260416.1.tgz#84f13b08e1e81e263a97617f8f8459d085076725"
  integrity sha512-wxsJYr+UXzEevoktqhLa8slPTuMeFn/zROkiT6BcagWkM/H+/dxEFHOhM4HNgAemTJOp4cGyxXSRNHswgiUWsg==

"@typescript/native-preview-linux-arm@7.0.0-dev.20260416.1":
  version "7.0.0-dev.20260416.1"
  resolved "https://registry.yarnpkg.com/@typescript/native-preview-linux-arm/-/native-preview-linux-arm-7.0.0-dev.20260416.1.tgz#24e4d15390fc7c6d298055b9875af662cd201e3b"
  integrity sha512-EKchoSx8/Gv3HgsTgSSK5FU5ODZQ6hd+qxdgc5c9QTS+2WSN5UX54wCz7wjipHMrTq4mGnqXLfgVSl2JlGY1TA==

"@typescript/native-preview-linux-x64@7.0.0-dev.20260416.1":
  version "7.0.0-dev.20260416.1"
  resolved "https://registry.yarnpkg.com/@typescript/native-preview-linux-x64/-/native-preview-linux-x64-7.0.0-dev.20260416.1.tgz#18298b4570242c5d41cd9486cdef3e28b4664e19"
  integrity sha512-ey6Gvb5OqaOVxx8Ur5LVAbe07VEwyoFkb6v9zlN9Q/lR0DeJB/sFVZ53CIDuded5KG+zbLcGVJXLn3HDJQmzXA==

"@typescript/native-preview-win32-arm64@7.0.0-dev.20260416.1":
  version "7.0.0-dev.20260416.1"
  resolved "https://registry.yarnpkg.com/@typescript/native-preview-win32-arm64/-/native-preview-win32-arm64-7.0.0-dev.20260416.1.tgz#a340617ff870391b284c054921ab2c5473bc40c9"
  integrity sha512-JrxGuXGthBtKt3kc987XQDhorn+XXCXffbd/a9rc1XZ8koOhS/rZAnLv7dHx7m9DLtUXAPPpe+3vu25WfPfuzg==

"@typescript/native-preview-win32-x64@7.0.0-dev.20260416.1":
  version "7.0.0-dev.20260416.1"
  resolved "https://registry.yarnpkg.com/@typescript/native-preview-win32-x64/-/native-preview-win32-x64-7.0.0-dev.20260416.1.tgz#9be7d01c6a48ffc91167a7631033e1c2f828f93f"
  integrity sha512-Ht04G9kt0fopDA0cB1Ng7/X6SScRIXaKZk9m/guyesuRlt3el+9eefF6YrnYCczzKlmZ4doPbR/xXiKFSnZA6Q==

"@typescript/native-preview@^7.0.0-dev.20250822.1":
  version "7.0.0-dev.20260416.1"
  resolved "https://registry.yarnpkg.com/@typescript/native-preview/-/native-preview-7.0.0-dev.20260416.1.tgz#60b7fbc266d5de9af23afbaf0fdcdcee934c826c"
  integrity sha512-DcmbOGc6m0YufnSdXb8OIfyl7J1MrjSy2Sz1vqe9xVw3/o+i3d/H46oOlGiEdVmFDhV4+xFTyd/OpJ3XK2+wrQ==
  optionalDependencies:
    "@typescript/native-preview-darwin-arm64" "7.0.0-dev.20260416.1"
    "@typescript/native-preview-darwin-x64" "7.0.0-dev.20260416.1"
    "@typescript/native-preview-linux-arm" "7.0.0-dev.20260416.1"
    "@typescript/native-preview-linux-arm64" "7.0.0-dev.20260416.1"
    "@typescript/native-preview-linux-x64" "7.0.0-dev.20260416.1"
    "@typescript/native-preview-win32-arm64" "7.0.0-dev.20260416.1"
    "@typescript/native-preview-win32-x64" "7.0.0-dev.20260416.1"

bun-types@1.2.20:
  version "1.2.20"
  resolved "https://registry.yarnpkg.com/bun-types/-/bun-types-1.2.20.tgz#7ff3a05b2183fbe33d51c76ac99ae83aaf882988"
  dependencies:
    "@types/node" "*"

undici-types@~7.10.0:
  version "7.10.0"
  resolved "https://registry.yarnpkg.com/undici-types/-/undici-types-7.10.0.tgz#4ac2e058ce56b462b056e629cc6a02393d3ff350"
