# THIS IS AN AUTOGENERATED FILE. DO NOT EDIT THIS FILE DIRECTLY.
# yarn lockfile v1


"@biomejs/biome@2.4.11":
  version "2.4.11"
  resolved "https://registry.yarnpkg.com/@biomejs/biome/-/biome-2.4.11.tgz#6d38474c085d67a9f2fd7b60184ee37d98b1ccef"
  integrity sha512-nWxHX8tf3Opb/qRgZpBbsTOqOodkbrkJ7S+JxJAruxOReaDPPmPuLBAGQ8vigyUgo0QBB+oQltNEAvalLcjggA==
  optionalDependencies:
    "@biomejs/cli-darwin-arm64" "2.4.11"
    "@biomejs/cli-darwin-x64" "2.4.11"
    "@biomejs/cli-linux-arm64" "2.4.11"
    "@biomejs/cli-linux-arm64-musl" "2.4.11"
    "@biomejs/cli-linux-x64" "2.4.11"
    "@biomejs/cli-linux-x64-musl" "2.4.11"
    "@biomejs/cli-win32-arm64" "2.4.11"
    "@biomejs/cli-win32-x64" "2.4.11"

"@biomejs/cli-darwin-arm64@2.4.11":
  version "2.4.11"
  resolved "https://registry.yarnpkg.com/@biomejs/cli-darwin-arm64/-/cli-darwin-arm64-2.4.11.tgz#fdf533b87d8f14051a881804e647e3730c0262c0"
  integrity sha512-wOt+ed+L2dgZanWyL6i29qlXMc088N11optzpo10peayObBaAshbTcxKUchzEMp9QSY8rh5h6VfAFE3WTS1rqg==

"@biomejs/cli-darwin-x64@2.4.11":
  version "2.4.11"
  resolved "https://registry.yarnpkg.com/@biomejs/cli-darwin-x64/-/cli-darwin-x64-2.4.11.tgz#18d2a5623cc5bc79f66b84b2e777e34199f71367"
  integrity sha512-gZ6zR8XmZlExfi/Pz/PffmdpWOQ8Qhy7oBztgkR8/ylSRyLwfRPSadmiVCV8WQ8PoJ2MWUy2fgID9zmtgUUJmw==

"@biomejs/cli-linux-arm64-musl@2.4.11":
  version "2.4.11"
  resolved "https://registry.yarnpkg.com/@biomejs/cli-linux-arm64-musl/-/cli-linux-arm64-musl-2.4.11.tgz#8f56f81c4ebb4ee479fa6cf2997148e35343f077"
  integrity sha512-+Sbo1OAmlegtdwqFE8iOxFIWLh1B3OEgsuZfBpyyN/kWuqZ8dx9ZEes6zVnDMo+zRHF2wLynRVhoQmV7ohxl2Q==

"@biomejs/cli-linux-arm64@2.4.11":
  version "2.4.11"
  resolved "https://registry.yarnpkg.com/@biomejs/cli-linux-arm64/-/cli-linux-arm64-2.4.11.tgz#c13b969c2b3b948a8a431d18156a65be24cb0196"
  integrity sha512-avdJaEElXrKceK0va9FkJ4P5ci3N01TGkc6ni3P8l3BElqbOz42Wg2IyX3gbh0ZLEd4HVKEIrmuVu/AMuSeFFA==

"@biomejs/cli-linux-x64-musl@2.4.11":
  version "2.4.11"
  resolved "https://registry.yarnpkg.com/@biomejs/cli-linux-x64-musl/-/cli-linux-x64-musl-2.4.11.tgz#57228e7dfb3ecd9c74397b5823c695228cc92daf"
  integrity sha512-bexd2IklK7ZgPhrz6jXzpIL6dEAH9MlJU1xGTrypx+FICxrXUp4CqtwfiuoDKse+UlgAlWtzML3jrMqeEAHEhA==

"@biomejs/cli-linux-x64@2.4.11":
  version "2.4.11"
  resolved "https://registry.yarnpkg.com/@biomejs/cli-linux-x64/-/cli-linux-x64-2.4.11.tgz#ecf1053032fcd34532128e5a56d7ceb0da7b68ef"
  integrity sha512-TagWV0iomp5LnEnxWFg4nQO+e52Fow349vaX0Q/PIcX6Zhk4GGBgp3qqZ8PVkpC+cuehRctMf3+6+FgQ8jCEFQ==

"@biomejs/cli-win32-arm64@2.4.11":
  version "2.4.11"
  resolved "https://registry.yarnpkg.com/@biomejs/cli-win32-arm64/-/cli-win32-arm64-2.4.11.tgz#bb169c2f5ed7ff596b831f0dca1f28b05a6425bf"
  integrity sha512-RJhaTnY8byzxDt4bDVb7AFPHkPcjOPK3xBip4ZRTrN3TEfyhjLRm3r3mqknqydgVTB74XG8l4jMLwEACEeihVg==

"@biomejs/cli-win32-x64@2.4.11":
  version "2.4.11"
  resolved "https://registry.yarnpkg.com/@biomejs/cli-win32-x64/-/cli-win32-x64-2.4.11.tgz#01caa3e8c2aeaea4974a59d547f085d11b5ec296"
  integrity sha512-A8D3JM/00C2KQgUV3oj8Ba15EHEYwebAGCy5Sf9GAjr5Y3+kJIYOiESoqRDeuRZueuMdCsbLZIUqmPhpYXJE9A==

"@types/bun@latest":
  version "1.2.20"
  resolved "https://registry.yarnpkg.com/@types/bun/-/bun-1.2.20.tgz#2b7339f063a5a27a4ef10fd7d0f21095b578eee5"
  dependencies:
    bun-types "1.2.20"

"@types/node@*":
  version "24.2.1"
  resolved "https://registry.yarnpkg.com/@types/node/-/node-24.2.1.tgz#83e41543f0a518e006594bb394e2cd961de56727"
  dependencies:
    undici-types "~7.10.0"

"@typescript/native-preview-darwin-arm64@7.0.0-dev.20260411.1":
  version "7.0.0-dev.20260411.1"
  resolved "https://registry.yarnpkg.com/@typescript/native-preview-darwin-arm64/-/native-preview-darwin-arm64-7.0.0-dev.20260411.1.tgz#35eb362bed45c343651fa10b48a9ee19c828b40b"
  integrity sha512-qdSDz0o4l4cEZhAn92ayzf7cKiMLrzSp9Xdk5mfaXpiahvxT39fNj5jiwDnRO+kHkHMMIYYL1nQbslSadargyg==

"@typescript/native-preview-darwin-x64@7.0.0-dev.20260411.1":
  version "7.0.0-dev.20260411.1"
  resolved "https://registry.yarnpkg.com/@typescript/native-preview-darwin-x64/-/native-preview-darwin-x64-7.0.0-dev.20260411.1.tgz#89d5ed7440434f9249ad90fdb45ec3f98adb1257"
  integrity sha512-2Nea85rMeBZe2UV6V8vBVJ3mSFHn4XZ+ceXGFpnfsU2nay0l1ncoYw91JA/yPwM5ui3+pxAYwl8PWLCxlZCB3Q==

"@typescript/native-preview-linux-arm64@7.0.0-dev.20260411.1":
  version "7.0.0-dev.20260411.1"
  resolved "https://registry.yarnpkg.com/@typescript/native-preview-linux-arm64/-/native-preview-linux-arm64-7.0.0-dev.20260411.1.tgz#90592f47151b35f19e4b342e808b96a3317ed463"
  integrity sha512-5QRz/eMIb1JtojvB0oeBbIc6ZNqZiiMUSRDsyp1qMJacdrs+1fbQ8MYFft5ceJe94mcolGHnbcozwPg8hf5fDg==

"@typescript/native-preview-linux-arm@7.0.0-dev.20260411.1":
  version "7.0.0-dev.20260411.1"
  resolved "https://registry.yarnpkg.com/@typescript/native-preview-linux-arm/-/native-preview-linux-arm-7.0.0-dev.20260411.1.tgz#1147ca93a74854bc627ad0928bf9688f2c4b9f45"
  integrity sha512-8/LqqQDp73kvT7aWh3sAFglGaSxtjxHIhEgqZ7XWG7+1aHHJeL1bcmRnk7JyP3BE5SPzs3bQhFC6Cvj6WQwTqQ==

"@typescript/native-preview-linux-x64@7.0.0-dev.20260411.1":
  version "7.0.0-dev.20260411.1"
  resolved "https://registry.yarnpkg.com/@typescript/native-preview-linux-x64/-/native-preview-linux-x64-7.0.0-dev.20260411.1.tgz#98d792ec7ab5243d0091a4e036a34ee55415f6b7"
  integrity sha512-H5NWP+ot/L+Tn9ds4W/t4Xx/CuxZF4iHDdRx2hCr/O0l8pBBq8C/MBJ/eUgVZXO4lD+8J6eQ7nOlGtJ0SS8Sbg==

"@typescript/native-preview-win32-arm64@7.0.0-dev.20260411.1":
  version "7.0.0-dev.20260411.1"
  resolved "https://registry.yarnpkg.com/@typescript/native-preview-win32-arm64/-/native-preview-win32-arm64-7.0.0-dev.20260411.1.tgz#5979008e67f2ba331beeba059e13cdb00560c7a0"
  integrity sha512-/Zc1rotE/NS72xNc4UjaEKCBanBsQ/0/fS2sYLcN9yd6p6AYFYzmTWfbGy5qvv1ckXOI0dkOolLzK8nYbrJzbA==

"@typescript/native-preview-win32-x64@7.0.0-dev.20260411.1":
  version "7.0.0-dev.20260411.1"
  resolved "https://registry.yarnpkg.com/@typescript/native-preview-win32-x64/-/native-preview-win32-x64-7.0.0-dev.20260411.1.tgz#e2d88bfa7cbf3a71e8e89e7c957a3c19b3fabf6f"
  integrity sha512-PhFL0w2Uz9jKdTtm7uy2PPl3nJiacX24jxzDD0R0eBHOY/49L3V5iD7eyBACPSzyWp0/dD7pPdKSnRbS3nVRng==

"@typescript/native-preview@^7.0.0-dev.20250822.1":
  version "7.0.0-dev.20260411.1"
  resolved "https://registry.yarnpkg.com/@typescript/native-preview/-/native-preview-7.0.0-dev.20260411.1.tgz#2131ec54fe0bff12001280bdabe7868a8c43b78c"
  integrity sha512-cBk+dPa5x5r9wnh5lz3zSnj7YJM1s/tSCf5owex+OkjJLji3iJu7J9kTH1SvvxA5kmkY76qFYw3vFN9h8W3gBA==
  optionalDependencies:
    "@typescript/native-preview-darwin-arm64" "7.0.0-dev.20260411.1"
    "@typescript/native-preview-darwin-x64" "7.0.0-dev.20260411.1"
    "@typescript/native-preview-linux-arm" "7.0.0-dev.20260411.1"
    "@typescript/native-preview-linux-arm64" "7.0.0-dev.20260411.1"
    "@typescript/native-preview-linux-x64" "7.0.0-dev.20260411.1"
    "@typescript/native-preview-win32-arm64" "7.0.0-dev.20260411.1"
    "@typescript/native-preview-win32-x64" "7.0.0-dev.20260411.1"

bun-types@1.2.20:
  version "1.2.20"
  resolved "https://registry.yarnpkg.com/bun-types/-/bun-types-1.2.20.tgz#7ff3a05b2183fbe33d51c76ac99ae83aaf882988"
  dependencies:
    "@types/node" "*"

undici-types@~7.10.0:
  version "7.10.0"
  resolved "https://registry.yarnpkg.com/undici-types/-/undici-types-7.10.0.tgz#4ac2e058ce56b462b056e629cc6a02393d3ff350"
